PODS:
  - Adyen (1.11.0):
    - Adyen/Cards (= 1.11.0)
    - Adyen/Core (= 1.11.0)
    - Adyen/Ideal (= 1.11.0)
    - Adyen/SEPADirectDebit (= 1.11.0)
    - Adyen/UI (= 1.11.0)
  - Adyen/ApplePay (1.11.0):
    - Adyen/Core
    - Adyen/CoreUI
  - Adyen/Cards (1.11.0):
    - Adyen/Core
    - Adyen/CoreUI
    - AdyenCSE (~> 1.1)
  - Adyen/Core (1.11.0)
  - Adyen/CoreUI (1.11.0):
    - Adyen/Core
  - Adyen/Ideal (1.11.0):
    - Adyen/Core
    - Adyen/CoreUI
  - Adyen/SEPADirectDebit (1.11.0):
    - Adyen/Core
    - Adyen/CoreUI
  - Adyen/UI (1.11.0):
    - Adyen/Core
    - Adyen/CoreUI
  - AdyenCSE (1.1)
  - CardIO (5.4.1)

DEPENDENCIES:
  - Adyen (from `../../`)
  - Adyen/ApplePay (from `../../`)
  - CardIO

EXTERNAL SOURCES:
  Adyen:
    :path: ../../

SPEC CHECKSUMS:
  Adyen: eec9cb1cb599d5f21802bc691aaff36bf42c1d8d
  AdyenCSE: 4405e86c0396b12dd69f0f5a151ee9051ae2beee
  CardIO: 56983b39b62f495fc6dae9ad7cf875143df06443

PODFILE CHECKSUM: 7865a1c2d3a1cff48755a63b64f74c2f3a305873

COCOAPODS: 1.2.0
